// !$*UTF8*$!
{
	archiveVersion = 1;
	classes = {
	};
	objectVersion = 56;
	objects = {

/* Begin PBXBuildFile section */
		7E0A5E282C81098500F0AE13 /* AppDelegate.swift in Sources */ = {isa = PBXBuildFile; fileRef = 7E0A5E272C81098500F0AE13 /* AppDelegate.swift */; };
		7E0A5E2A2C81098500F0AE13 /* SceneDelegate.swift in Sources */ = {isa = PBXBuildFile; fileRef = 7E0A5E292C81098500F0AE13 /* SceneDelegate.swift */; };
		7E0A5E2C2C81098500F0AE13 /* ViewController.swift in Sources */ = {isa = PBXBuildFile; fileRef = 7E0A5E2B2C81098500F0AE13 /* ViewController.swift */; };
		7E0A5E2F2C81098500F0AE13 /* Base in Resources */ = {isa = PBXBuildFile; fileRef = 7E0A5E2E2C81098500F0AE13 /* Base */; };
		7E0A5E312C81098600F0AE13 /* Assets.xcassets in Resources */ = {isa = PBXBuildFile; fileRef = 7E0A5E302C81098600F0AE13 /* Assets.xcassets */; };
		7E0A5E342C81098600F0AE13 /* Base in Resources */ = {isa = PBXBuildFile; fileRef = 7E0A5E332C81098600F0AE13 /* Base */; };
		7E0A5E3F2C81098600F0AE13 /* UItableviewTests.swift in Sources */ = {isa = PBXBuildFile; fileRef = 7E0A5E3E2C81098600F0AE13 /* UItableviewTests.swift */; };
		7E0A5E492C81098600F0AE13 /* UItableviewUITests.swift in Sources */ = {isa = PBXBuildFile; fileRef = 7E0A5E482C81098600F0AE13 /* UItableviewUITests.swift */; };
		7E0A5E4B2C81098600F0AE13 /* UItableviewUITestsLaunchTests.swift in Sources */ = {isa = PBXBuildFile; fileRef = 7E0A5E4A2C81098600F0AE13 /* UItableviewUITestsLaunchTests.swift */; };
/* End PBXBuildFile section */

/* Begin PBXContainerItemProxy section */
		7E0A5E3B2C81098600F0AE13 /* PBXContainerItemProxy */ = {
			isa = PBXContainerItemProxy;
			containerPortal = 7E0A5E1C2C81098500F0AE13 /* Project object */;
			proxyType = 1;
			remoteGlobalIDString = 7E0A5E232C81098500F0AE13;
			remoteInfo = UItableview;
		};
		7E0A5E452C81098600F0AE13 /* PBXContainerItemProxy */ = {
			isa = PBXContainerItemProxy;
			containerPortal = 7E0A5E1C2C81098500F0AE13 /* Project object */;
			proxyType = 1;
			remoteGlobalIDString = 7E0A5E232C81098500F0AE13;
			remoteInfo = UItableview;
		};
/* End PBXContainerItemProxy section */

/* Begin PBXFileReference section */
		7E0A5E242C81098500F0AE13 /* UItableview.app */ = {isa = PBXFileReference; explicitFileType = wrapper.application; includeInIndex = 0; path = UItableview.app; sourceTree = BUILT_PRODUCTS_DIR; };
		7E0A5E272C81098500F0AE13 /* AppDelegate.swift */ = {isa = PBXFileReference; lastKnownFileType = sourcecode.swift; path = AppDelegate.swift; sourceTree = "<group>"; };
		7E0A5E292C81098500F0AE13 /* SceneDelegate.swift */ = {isa = PBXFileReference; lastKnownFileType = sourcecode.swift; path = SceneDelegate.swift; sourceTree = "<group>"; };
		7E0A5E2B2C81098500F0AE13 /* ViewController.swift */ = {isa = PBXFileReference; lastKnownFileType = sourcecode.swift; path = ViewController.swift; sourceTree = "<group>"; };
		7E0A5E2E2C81098500F0AE13 /* Base */ = {isa = PBXFileReference; lastKnownFileType = file.storyboard; name = Base; path = Base.lproj/Main.storyboard; sourceTree = "<group>"; };
		7E0A5E302C81098600F0AE13 /* Assets.xcassets */ = {isa = PBXFileReference; lastKnownFileType = folder.assetcatalog; path = Assets.xcassets; sourceTree = "<group>"; };
		7E0A5E332C81098600F0AE13 /* Base */ = {isa = PBXFileReference; lastKnownFileType = file.storyboard; name = Base; path = Base.lproj/LaunchScreen.storyboard; sourceTree = "<group>"; };
		7E0A5E352C81098600F0AE13 /* Info.plist */ = {isa = PBXFileReference; lastKnownFileType = text.plist.xml; path = Info.plist; sourceTree = "<group>"; };
		7E0A5E3A2C81098600F0AE13 /* UItableviewTests.xctest */ = {isa = PBXFileReference; explicitFileType = wrapper.cfbundle; includeInIndex = 0; path = UItableviewTests.xctest; sourceTree = BUILT_PRODUCTS_DIR; };
		7E0A5E3E2C81098600F0AE13 /* UItableviewTests.swift */ = {isa = PBXFileReference; lastKnownFileType = sourcecode.swift; path = UItableviewTests.swift; sourceTree = "<group>"; };
		7E0A5E442C81098600F0AE13 /* UItableviewUITests.xctest */ = {isa = PBXFileReference; explicitFileType = wrapper.cfbundle; includeInIndex = 0; path = UItableviewUITests.xctest; sourceTree = BUILT_PRODUCTS_DIR; };
		7E0A5E482C81098600F0AE13 /* UItableviewUITests.swift */ = {isa = PBXFileReference; lastKnownFileType = sourcecode.swift; path = UItableviewUITests.swift; sourceTree = "<group>"; };
		7E0A5E4A2C81098600F0AE13 /* UItableviewUITestsLaunchTests.swift */ = {isa = PBXFileReference; lastKnownFileType = sourcecode.swift; path = UItableviewUITestsLaunchTests.swift; sourceTree = "<group>"; };
/* End PBXFileReference section */

/* Begin PBXFrameworksBuildPhase section */
		7E0A5E212C81098500F0AE13 /* Frameworks */ = {
			isa = PBXFrameworksBuildPhase;
			buildActionMask = 2147483647;
			files = (
			);
			runOnlyForDeploymentPostprocessing = 0;
		};
		7E0A5E372C81098600F0AE13 /* Frameworks */ = {
			isa = PBXFrameworksBuildPhase;
			buildActionMask = 2147483647;
			files = (
			);
			runOnlyForDeploymentPostprocessing = 0;
		};
		7E0A5E412C81098600F0AE13 /* Frameworks */ = {
			isa = PBXFrameworksBuildPhase;
			buildActionMask = 2147483647;
			files = (
			);
			runOnlyForDeploymentPostprocessing = 0;
		};
/* End PBXFrameworksBuildPhase section */

/* Begin PBXGroup section */
		7E0A5E1B2C81098500F0AE13 = {
			isa = PBXGroup;
			children = (
				7E0A5E262C81098500F0AE13 /* UItableview */,
				7E0A5E3D2C81098600F0AE13 /* UItableviewTests */,
				7E0A5E472C81098600F0AE13 /* UItableviewUITests */,
				7E0A5E252C81098500F0AE13 /* Products */,
			);
			sourceTree = "<group>";
		};
		7E0A5E252C81098500F0AE13 /* Products */ = {
			isa = PBXGroup;
			children = (
				7E0A5E242C81098500F0AE13 /* UItableview.app */,
				7E0A5E3A2C81098600F0AE13 /* UItableviewTests.xctest */,
				7E0A5E442C81098600F0AE13 /* UItableviewUITests.xctest */,
			);
			name = Products;
			sourceTree = "<group>";
		};
		7E0A5E262C81098500F0AE13 /* UItableview */ = {
			isa = PBXGroup;
			children = (
				7E0A5E272C81098500F0AE13 /* AppDelegate.swift */,
				7E0A5E292C81098500F0AE13 /* SceneDelegate.swift */,
				7E0A5E2B2C81098500F0AE13 /* ViewController.swift */,
				7E0A5E2D2C81098500F0AE13 /* Main.storyboard */,
				7E0A5E302C81098600F0AE13 /* Assets.xcassets */,
				7E0A5E322C81098600F0AE13 /* LaunchScreen.storyboard */,
				7E0A5E352C81098600F0AE13 /* Info.plist */,
			);
			path = UItableview;
			sourceTree = "<group>";
		};
		7E0A5E3D2C81098600F0AE13 /* UItableviewTests */ = {
			isa = PBXGroup;
			children = (
				7E0A5E3E2C81098600F0AE13 /* UItableviewTests.swift */,
			);
			path = UItableviewTests;
			sourceTree = "<group>";
		};
		7E0A5E472C81098600F0AE13 /* UItableviewUITests */ = {
			isa = PBXGroup;
			children = (
				7E0A5E482C81098600F0AE13 /* UItableviewUITests.swift */,
				7E0A5E4A2C81098600F0AE13 /* UItableviewUITestsLaunchTests.swift */,
			);
			path = UItableviewUITests;
			sourceTree = "<group>";
		};
/* End PBXGroup section */

/* Begin PBXNativeTarget section */
		7E0A5E232C81098500F0AE13 /* UItableview */ = {
			isa = PBXNativeTarget;
			buildConfigurationList = 7E0A5E4E2C81098600F0AE13 /* Build configuration list for PBXNativeTarget "UItableview" */;
			buildPhases = (
				7E0A5E202C81098500F0AE13 /* Sources */,
				7E0A5E212C81098500F0AE13 /* Frameworks */,
				7E0A5E222C81098500F0AE13 /* Resources */,
			);
			buildRules = (
			);
			dependencies = (
			);
			name = UItableview;
			productName = UItableview;
			productReference = 7E0A5E242C81098500F0AE13 /* UItableview.app */;
			productType = "com.apple.product-type.application";
		};
		7E0A5E392C81098600F0AE13 /* UItableviewTests */ = {
			isa = PBXNativeTarget;
			buildConfigurationList = 7E0A5E512C81098600F0AE13 /* Build configuration list for PBXNativeTarget "UItableviewTests" */;
			buildPhases = (
				7E0A5E362C81098600F0AE13 /* Sources */,
				7E0A5E372C81098600F0AE13 /* Frameworks */,
				7E0A5E382C81098600F0AE13 /* Resources */,
			);
			buildRules = (
			);
			dependencies = (
				7E0A5E3C2C81098600F0AE13 /* PBXTargetDependency */,
			);
			name = UItableviewTests;
			productName = UItableviewTests;
			productReference = 7E0A5E3A2C81098600F0AE13 /* UItableviewTests.xctest */;
			productType = "com.apple.product-type.bundle.unit-test";
		};
		7E0A5E432C81098600F0AE13 /* UItableviewUITests */ = {
			isa = PBXNativeTarget;
			buildConfigurationList = 7E0A5E542C81098600F0AE13 /* Build configuration list for PBXNativeTarget "UItableviewUITests" */;
			buildPhases = (
				7E0A5E402C81098600F0AE13 /* Sources */,
				7E0A5E412C81098600F0AE13 /* Frameworks */,
				7E0A5E422C81098600F0AE13 /* Resources */,
			);
			buildRules = (
			);
			dependencies = (
				7E0A5E462C81098600F0AE13 /* PBXTargetDependency */,
			);
			name = UItableviewUITests;
			productName = UItableviewUITests;
			productReference = 7E0A5E442C81098600F0AE13 /* UItableviewUITests.xctest */;
			productType = "com.apple.product-type.bundle.ui-testing";
		};
/* End PBXNativeTarget section */

/* Begin PBXProject section */
		7E0A5E1C2C81098500F0AE13 /* Project object */ = {
			isa = PBXProject;
			attributes = {
				BuildIndependentTargetsInParallel = 1;
				LastSwiftUpdateCheck = 1540;
				LastUpgradeCheck = 1540;
				TargetAttributes = {
					7E0A5E232C81098500F0AE13 = {
						CreatedOnToolsVersion = 15.4;
					};
					7E0A5E392C81098600F0AE13 = {
						CreatedOnToolsVersion = 15.4;
						TestTargetID = 7E0A5E232C81098500F0AE13;
					};
					7E0A5E432C81098600F0AE13 = {
						CreatedOnToolsVersion = 15.4;
						TestTargetID = 7E0A5E232C81098500F0AE13;
					};
				};
			};
			buildConfigurationList = 7E0A5E1F2C81098500F0AE13 /* Build configuration list for PBXProject "UItableview" */;
			compatibilityVersion = "Xcode 14.0";
			developmentRegion = en;
			hasScannedForEncodings = 0;
			knownRegions = (
				en,
				Base,
			);
			mainGroup = 7E0A5E1B2C81098500F0AE13;
			productRefGroup = 7E0A5E252C81098500F0AE13 /* Products */;
			projectDirPath = "";
			projectRoot = "";
			targets = (
				7E0A5E232C81098500F0AE13 /* UItableview */,
				7E0A5E392C81098600F0AE13 /* UItableviewTests */,
				7E0A5E432C81098600F0AE13 /* UItableviewUITests */,
			);
		};
/* End PBXProject section */

/* Begin PBXResourcesBuildPhase section */
		7E0A5E222C81098500F0AE13 /* Resources */ = {
			isa = PBXResourcesBuildPhase;
			buildActionMask = 2147483647;
			files = (
				7E0A5E312C81098600F0AE13 /* Assets.xcassets in Resources */,
				7E0A5E342C81098600F0AE13 /* Base in Resources */,
				7E0A5E2F2C81098500F0AE13 /* Base in Resources */,
			);
			runOnlyForDeploymentPostprocessing = 0;
		};
		7E0A5E382C81098600F0AE13 /* Resources */ = {
			isa = PBXResourcesBuildPhase;
			buildActionMask = 2147483647;
			files = (
			);
			runOnlyForDeploymentPostprocessing = 0;
		};
		7E0A5E422C81098600F0AE13 /* Resources */ = {
			isa = PBXResourcesBuildPhase;
			buildActionMask = 2147483647;
			files = (
			);
			runOnlyForDeploymentPostprocessing = 0;
		};
/* End PBXResourcesBuildPhase section */

/* Begin PBXSourcesBuildPhase section */
		7E0A5E202C81098500F0AE13 /* Sources */ = {
			isa = PBXSourcesBuildPhase;
			buildActionMask = 2147483647;
			files = (
				7E0A5E2C2C81098500F0AE13 /* ViewController.swift in Sources */,
				7E0A5E282C81098500F0AE13 /* AppDelegate.swift in Sources */,
				7E0A5E2A2C81098500F0AE13 /* SceneDelegate.swift in Sources */,
			);
			runOnlyForDeploymentPostprocessing = 0;
		};
		7E0A5E362C81098600F0AE13 /* Sources */ = {
			isa = PBXSourcesBuildPhase;
			buildActionMask = 2147483647;
			files = (
				7E0A5E3F2C81098600F0AE13 /* UItableviewTests.swift in Sources */,
			);
			runOnlyForDeploymentPostprocessing = 0;
		};
		7E0A5E402C81098600F0AE13 /* Sources */ = {
			isa = PBXSourcesBuildPhase;
			buildActionMask = 2147483647;
			files = (
				7E0A5E4B2C81098600F0AE13 /* UItableviewUITestsLaunchTests.swift in Sources */,
				7E0A5E492C81098600F0AE13 /* UItableviewUITests.swift in Sources */,
			);
			runOnlyForDeploymentPostprocessing = 0;
		};
/* End PBXSourcesBuildPhase section */

/* Begin PBXTargetDependency section */
		7E0A5E3C2C81098600F0AE13 /* PBXTargetDependency */ = {
			isa = PBXTargetDependency;
			target = 7E0A5E232C81098500F0AE13 /* UItableview */;
			targetProxy = 7E0A5E3B2C81098600F0AE13 /* PBXContainerItemProxy */;
		};
		7E0A5E462C81098600F0AE13 /* PBXTargetDependency */ = {
			isa = PBXTargetDependency;
			target = 7E0A5E232C81098500F0AE13 /* UItableview */;
			targetProxy = 7E0A5E452C81098600F0AE13 /* PBXContainerItemProxy */;
		};
/* End PBXTargetDependency section */

/* Begin PBXVariantGroup section */
		7E0A5E2D2C81098500F0AE13 /* Main.storyboard */ = {
			isa = PBXVariantGroup;
			children = (
				7E0A5E2E2C81098500F0AE13 /* Base */,
			);
			name = Main.storyboard;
			sourceTree = "<group>";
		};
		7E0A5E322C81098600F0AE13 /* LaunchScreen.storyboard */ = {
			isa = PBXVariantGroup;
			children = (
				7E0A5E332C81098600F0AE13 /* Base */,
			);
			name = LaunchScreen.storyboard;
			sourceTree = "<group>";
		};
/* End PBXVariantGroup section */

/* Begin XCBuildConfiguration section */
		7E0A5E4C2C81098600F0AE13 /* Debug */ = {
			isa = XCBuildConfiguration;
			buildSettings = {
				ALWAYS_SEARCH_USER_PATHS = NO;
				ASSETCATALOG_COMPILER_GENERATE_SWIFT_ASSET_SYMBOL_EXTENSIONS = YES;
				CLANG_ANALYZER_NONNULL = YES;
				CLANG_ANALYZER_NUMBER_OBJECT_CONVERSION = YES_AGGRESSIVE;
				CLANG_CXX_LANGUAGE_STANDARD = "gnu++20";
				CLANG_ENABLE_MODULES = YES;
				CLANG_ENABLE_OBJC_ARC = YES;
				CLANG_ENABLE_OBJC_WEAK = YES;
				CLANG_WARN_BLOCK_CAPTURE_AUTORELEASING = YES;
				CLANG_WARN_BOOL_CONVERSION = YES;
				CLANG_WARN_COMMA = YES;
				CLANG_WARN_CONSTANT_CONVERSION = YES;
				CLANG_WARN_DEPRECATED_OBJC_IMPLEMENTATIONS = YES;
				CLANG_WARN_DIRECT_OBJC_ISA_USAGE = YES_ERROR;
				CLANG_WARN_DOCUMENTATION_COMMENTS = YES;
				CLANG_WARN_EMPTY_BODY = YES;
				CLANG_WARN_ENUM_CONVERSION = YES;
				CLANG_WARN_INFINITE_RECURSION = YES;
				CLANG_WARN_INT_CONVERSION = YES;
				CLANG_WARN_NON_LITERAL_NULL_CONVERSION = YES;
				CLANG_WARN_OBJC_IMPLICIT_RETAIN_SELF = YES;
				CLANG_WARN_OBJC_LITERAL_CONVERSION = YES;
				CLANG_WARN_OBJC_ROOT_CLASS = YES_ERROR;
				CLANG_WARN_QUOTED_INCLUDE_IN_FRAMEWORK_HEADER = YES;
				CLANG_WARN_RANGE_LOOP_ANALYSIS = YES;
				CLANG_WARN_STRICT_PROTOTYPES = YES;
				CLANG_WARN_SUSPICIOUS_MOVE = YES;
				CLANG_WARN_UNGUARDED_AVAILABILITY = YES_AGGRESSIVE;
				CLANG_WARN_UNREACHABLE_CODE = YES;
				CLANG_WARN__DUPLICATE_METHOD_MATCH = YES;
				COPY_PHASE_STRIP = NO;
				DEBUG_INFORMATION_FORMAT = dwarf;
				ENABLE_STRICT_OBJC_MSGSEND = YES;
				ENABLE_TESTABILITY = YES;
				ENABLE_USER_SCRIPT_SANDBOXING = YES;
				GCC_C_LANGUAGE_STANDARD = gnu17;
				GCC_DYNAMIC_NO_PIC = NO;
				GCC_NO_COMMON_BLOCKS = YES;
				GCC_OPTIMIZATION_LEVEL = 0;
				GCC_PREPROCESSOR_DEFINITIONS = (
					"DEBUG=1",
					"$(inherited)",
				);
				GCC_WARN_64_TO_32_BIT_CONVERSION = YES;
				GCC_WARN_ABOUT_RETURN_TYPE = YES_ERROR;
				GCC_WARN_UNDECLARED_SELECTOR = YES;
				GCC_WARN_UNINITIALIZED_AUTOS = YES_AGGRESSIVE;
				GCC_WARN_UNUSED_FUNCTION = YES;
				GCC_WARN_UNUSED_VARIABLE = YES;
				IPHONEOS_DEPLOYMENT_TARGET = 17.5;
				LOCALIZATION_PREFERS_STRING_CATALOGS = YES;
				MTL_ENABLE_DEBUG_INFO = INCLUDE_SOURCE;
				MTL_FAST_MATH = YES;
				ONLY_ACTIVE_ARCH = YES;
				SDKROOT = iphoneos;
				SWIFT_ACTIVE_COMPILATION_CONDITIONS = "DEBUG $(inherited)";
				SWIFT_OPTIMIZATION_LEVEL = "-Onone";
			};
			name = Debug;
		};
		7E0A5E4D2C81098600F0AE13 /* Release */ = {
			isa = XCBuildConfiguration;
			buildSettings = {
				ALWAYS_SEARCH_USER_PATHS = NO;
				ASSETCATALOG_COMPILER_GENERATE_SWIFT_ASSET_SYMBOL_EXTENSIONS = YES;
				CLANG_ANALYZER_NONNULL = YES;
				CLANG_ANALYZER_NUMBER_OBJECT_CONVERSION = YES_AGGRESSIVE;
				CLANG_CXX_LANGUAGE_STANDARD = "gnu++20";
				CLANG_ENABLE_MODULES = YES;
				CLANG_ENABLE_OBJC_ARC = YES;
				CLANG_ENABLE_OBJC_WEAK = YES;
				CLANG_WARN_BLOCK_CAPTURE_AUTORELEASING = YES;
				CLANG_WARN_BOOL_CONVERSION = YES;
				CLANG_WARN_COMMA = YES;
				CLANG_WARN_CONSTANT_CONVERSION = YES;
				CLANG_WARN_DEPRECATED_OBJC_IMPLEMENTATIONS = YES;
				CLANG_WARN_DIRECT_OBJC_ISA_USAGE = YES_ERROR;
				CLANG_WARN_DOCUMENTATION_COMMENTS = YES;
				CLANG_WARN_EMPTY_BODY = YES;
				CLANG_WARN_ENUM_CONVERSION = YES;
				CLANG_WARN_INFINITE_RECURSION = YES;
				CLANG_WARN_INT_CONVERSION = YES;
				CLANG_WARN_NON_LITERAL_NULL_CONVERSION = YES;
				CLANG_WARN_OBJC_IMPLICIT_RETAIN_SELF = YES;
				CLANG_WARN_OBJC_LITERAL_CONVERSION = YES;
				CLANG_WARN_OBJC_ROOT_CLASS = YES_ERROR;
				CLANG_WARN_QUOTED_INCLUDE_IN_FRAMEWORK_HEADER = YES;
				CLANG_WARN_RANGE_LOOP_ANALYSIS = YES;
				CLANG_WARN_STRICT_PROTOTYPES = YES;
				CLANG_WARN_SUSPICIOUS_MOVE = YES;
				CLANG_WARN_UNGUARDED_AVAILABILITY = YES_AGGRESSIVE;
				CLANG_WARN_UNREACHABLE_CODE = YES;
				CLANG_WARN__DUPLICATE_METHOD_MATCH = YES;
				COPY_PHASE_STRIP = NO;
				DEBUG_INFORMATION_FORMAT = "dwarf-with-dsym";
				ENABLE_NS_ASSERTIONS = NO;
				ENABLE_STRICT_OBJC_MSGSEND = YES;
				ENABLE_USER_SCRIPT_SANDBOXING = YES;
				GCC_C_LANGUAGE_STANDARD = gnu17;
				GCC_NO_COMMON_BLOCKS = YES;
				GCC_WARN_64_TO_32_BIT_CONVERSION = YES;
				GCC_WARN_ABOUT_RETURN_TYPE = YES_ERROR;
				GCC_WARN_UNDECLARED_SELECTOR = YES;
				GCC_WARN_UNINITIALIZED_AUTOS = YES_AGGRESSIVE;
				GCC_WARN_UNUSED_FUNCTION = YES;
				GCC_WARN_UNUSED_VARIABLE = YES;
				IPHONEOS_DEPLOYMENT_TARGET = 17.5;
				LOCALIZATION_PREFERS_STRING_CATALOGS = YES;
				MTL_ENABLE_DEBUG_INFO = NO;
				MTL_FAST_MATH = YES;
				SDKROOT = iphoneos;
				SWIFT_COMPILATION_MODE = wholemodule;
				VALIDATE_PRODUCT = YES;
			};
			name = Release;
		};
		7E0A5E4F2C81098600F0AE13 /* Debug */ = {
			isa = XCBuildConfiguration;
			buildSettings = {
				ASSETCATALOG_COMPILER_APPICON_NAME = AppIcon;
				ASSETCATALOG_COMPILER_GLOBAL_ACCENT_COLOR_NAME = AccentColor;
				CODE_SIGN_STYLE = Automatic;
				CURRENT_PROJECT_VERSION = 1;
				GENERATE_INFOPLIST_FILE = YES;
				INFOPLIST_FILE = UItableview/Info.plist;
				INFOPLIST_KEY_UIApplicationSupportsIndirectInputEvents = YES;
				INFOPLIST_KEY_UILaunchStoryboardName = LaunchScreen;
				INFOPLIST_KEY_UIMainStoryboardFile = Main;
				INFOPLIST_KEY_UISupportedInterfaceOrientations_iPad = "UIInterfaceOrientationPortrait UIInterfaceOrientationPortraitUpsideDown UIInterfaceOrientationLandscapeLeft UIInterfaceOrientationLandscapeRight";
				INFOPLIST_KEY_UISupportedInterfaceOrientations_iPhone = "UIInterfaceOrientationPortrait UIInterfaceOrientationLandscapeLeft UIInterfaceOrientationLandscapeRight";
				LD_RUNPATH_SEARCH_PATHS = (
					"$(inherited)",
					"@executable_path/Frameworks",
				);
				MARKETING_VERSION = 1.0;
				PRODUCT_BUNDLE_IDENTIFIER = Example.com.UItableview;
				PRODUCT_NAME = "$(TARGET_NAME)";
				SWIFT_EMIT_LOC_STRINGS = YES;
				SWIFT_VERSION = 5.0;
				TARGETED_DEVICE_FAMILY = "1,2";
			};
			name = Debug;
		};
		7E0A5E502C81098600F0AE13 /* Release */ = {
			isa = XCBuildConfiguration;
			buildSettings = {
				ASSETCATALOG_COMPILER_APPICON_NAME = AppIcon;
				ASSETCATALOG_COMPILER_GLOBAL_ACCENT_COLOR_NAME = AccentColor;
				CODE_SIGN_STYLE = Automatic;
				CURRENT_PROJECT_VERSION = 1;
				GENERATE_INFOPLIST_FILE = YES;
				INFOPLIST_FILE = UItableview/Info.plist;
				INFOPLIST_KEY_UIApplicationSupportsIndirectInputEvents = YES;
				INFOPLIST_KEY_UILaunchStoryboardName = LaunchScreen;
				INFOPLIST_KEY_UIMainStoryboardFile = Main;
				INFOPLIST_KEY_UISupportedInterfaceOrientations_iPad = "UIInterfaceOrientationPortrait UIInterfaceOrientationPortraitUpsideDown UIInterfaceOrientationLandscapeLeft UIInterfaceOrientationLandscapeRight";
				INFOPLIST_KEY_UISupportedInterfaceOrientations_iPhone = "UIInterfaceOrientationPortrait UIInterfaceOrientationLandscapeLeft UIInterfaceOrientationLandscapeRight";
				LD_RUNPATH_SEARCH_PATHS = (
					"$(inherited)",
					"@executable_path/Frameworks",
				);
				MARKETING_VERSION = 1.0;
				PRODUCT_BUNDLE_IDENTIFIER = Example.com.UItableview;
				PRODUCT_NAME = "$(TARGET_NAME)";
				SWIFT_EMIT_LOC_STRINGS = YES;
				SWIFT_VERSION = 5.0;
				TARGETED_DEVICE_FAMILY = "1,2";
			};
			name = Release;
		};
		7E0A5E522C81098600F0AE13 /* Debug */ = {
			isa = XCBuildConfiguration;
			buildSettings = {
				ALWAYS_EMBED_SWIFT_STANDARD_LIBRARIES = YES;
				BUNDLE_LOADER = "$(TEST_HOST)";
				CODE_SIGN_STYLE = Automatic;
				CURRENT_PROJECT_VERSION = 1;
				GENERATE_INFOPLIST_FILE = YES;
				IPHONEOS_DEPLOYMENT_TARGET = 17.5;
				MARKETING_VERSION = 1.0;
				PRODUCT_BUNDLE_IDENTIFIER = Example.com.UItableviewTests;
				PRODUCT_NAME = "$(TARGET_NAME)";
				SWIFT_EMIT_LOC_STRINGS = NO;
				SWIFT_VERSION = 5.0;
				TARGETED_DEVICE_FAMILY = "1,2";
				TEST_HOST = "$(BUILT_PRODUCTS_DIR)/UItableview.app/$(BUNDLE_EXECUTABLE_FOLDER_PATH)/UItableview";
			};
			name = Debug;
		};
		7E0A5E532C81098600F0AE13 /* Release */ = {
			isa = XCBuildConfiguration;
			buildSettings = {
				ALWAYS_EMBED_SWIFT_STANDARD_LIBRARIES = YES;
				BUNDLE_LOADER = "$(TEST_HOST)";
				CODE_SIGN_STYLE = Automatic;
				CURRENT_PROJECT_VERSION = 1;
				GENERATE_INFOPLIST_FILE = YES;
				IPHONEOS_DEPLOYMENT_TARGET = 17.5;
				MARKETING_VERSION = 1.0;
				PRODUCT_BUNDLE_IDENTIFIER = Example.com.UItableviewTests;
				PRODUCT_NAME = "$(TARGET_NAME)";
				SWIFT_EMIT_LOC_STRINGS = NO;
				SWIFT_VERSION = 5.0;
				TARGETED_DEVICE_FAMILY = "1,2";
				TEST_HOST = "$(BUILT_PRODUCTS_DIR)/UItableview.app/$(BUNDLE_EXECUTABLE_FOLDER_PATH)/UItableview";
			};
			name = Release;
		};
		7E0A5E552C81098600F0AE13 /* Debug */ = {
			isa = XCBuildConfiguration;
			buildSettings = {
				ALWAYS_EMBED_SWIFT_STANDARD_LIBRARIES = YES;
				CODE_SIGN_STYLE = Automatic;
				CURRENT_PROJECT_VERSION = 1;
				GENERATE_INFOPLIST_FILE = YES;
				MARKETING_VERSION = 1.0;
				PRODUCT_BUNDLE_IDENTIFIER = Example.com.UItableviewUITests;
				PRODUCT_NAME = "$(TARGET_NAME)";
				SWIFT_EMIT_LOC_STRINGS = NO;
				SWIFT_VERSION = 5.0;
				TARGETED_DEVICE_FAMILY = "1,2";
				TEST_TARGET_NAME = UItableview;
			};
			name = Debug;
		};
		7E0A5E562C81098600F0AE13 /* Release */ = {
			isa = XCBuildConfiguration;
			buildSettings = {
				ALWAYS_EMBED_SWIFT_STANDARD_LIBRARIES = YES;
				CODE_SIGN_STYLE = Automatic;
				CURRENT_PROJECT_VERSION = 1;
				GENERATE_INFOPLIST_FILE = YES;
				MARKETING_VERSION = 1.0;
				PRODUCT_BUNDLE_IDENTIFIER = Example.com.UItableviewUITests;
				PRODUCT_NAME = "$(TARGET_NAME)";
				SWIFT_EMIT_LOC_STRINGS = NO;
				SWIFT_VERSION = 5.0;
				TARGETED_DEVICE_FAMILY = "1,2";
				TEST_TARGET_NAME = UItableview;
			};
			name = Release;
		};
/* End XCBuildConfiguration section */

/* Begin XCConfigurationList section */
		7E0A5E1F2C81098500F0AE13 /* Build configuration list for PBXProject "UItableview" */ = {
			isa = XCConfigurationList;
			buildConfigurations = (
				7E0A5E4C2C81098600F0AE13 /* Debug */,
				7E0A5E4D2C81098600F0AE13 /* Release */,
			);
			defaultConfigurationIsVisible = 0;
			defaultConfigurationName = Release;
		};
		7E0A5E4E2C81098600F0AE13 /* Build configuration list for PBXNativeTarget "UItableview" */ = {
			isa = XCConfigurationList;
			buildConfigurations = (
				7E0A5E4F2C81098600F0AE13 /* Debug */,
				7E0A5E502C81098600F0AE13 /* Release */,
			);
			defaultConfigurationIsVisible = 0;
			defaultConfigurationName = Release;
		};
		7E0A5E512C81098600F0AE13 /* Build configuration list for PBXNativeTarget "UItableviewTests" */ = {
			isa = XCConfigurationList;
			buildConfigurations = (
				7E0A5E522C81098600F0AE13 /* Debug */,
				7E0A5E532C81098600F0AE13 /* Release */,
			);
			defaultConfigurationIsVisible = 0;
			defaultConfigurationName = Release;
		};
		7E0A5E542C81098600F0AE13 /* Build configuration list for PBXNativeTarget "UItableviewUITests" */ = {
			isa = XCConfigurationList;
			buildConfigurations = (
				7E0A5E552C81098600F0AE13 /* Debug */,
				7E0A5E562C81098600F0AE13 /* Release */,
			);
			defaultConfigurationIsVisible = 0;
			defaultConfigurationName = Release;
		};
/* End XCConfigurationList section */
	};
	rootObject = 7E0A5E1C2C81098500F0AE13 /* Project object */;
}
